github.com/ddoniyor/jwt v0.0.0-20200314220431-5fc0c6600a28 h1:rll6I1q/JbECvkjUqs2rQWG/eRvcafBvpZCDcxbaeHE=
github.com/ddoniyor/jwt v0.0.0-20200315061447-a5cc206161f7 h1:k5TONN0f/vlC6WhSijQPyVK4ex+aZTEzKWTDX+50aw0=
github.com/ddoniyor/jwt v0.0.0-20200315061447-a5cc206161f7/go.mod h1:J0UHopd0OtcK80qWfG6SFy2ysmiTBea/AbpjlPvDPHA=
